
Microsoft Visual Studio Solution File, Format Version 12.00
# Visual Studio 15
VisualStudioVersion = 15.0.28307.421
MinimumVisualStudioVersion = 10.0.40219.1
Project("{FAE04EC0-301F-11D3-BF4B-00C04F79EFBC}") = "Cinnabon", "Cinnabon\Cinnabon.csproj", "{40B726B7-83CC-483A-B343-6D6330FFD605}"
EndProject
Global
	GlobalSection(SolutionConfigurationPlatforms) = preSolution
		Debug|Any CPU = Debug|Any CPU
		Release|Any CPU = Release|Any CPU
	EndGlobalSection
	GlobalSection(ProjectConfigurationPlatforms) = postSolution
		{40B726B7-83CC-483A-B343-6D6330FFD605}.Debug|Any CPU.ActiveCfg = Debug|Any CPU
		{40B726B7-83CC-483A-B343-6D6330FFD605}.Debug|Any CPU.Build.0 = Debug|Any CPU
		{40B726B7-83CC-483A-B343-6D6330FFD605}.Release|Any CPU.ActiveCfg = Release|Any CPU
		{40B726B7-83CC-483A-B343-6D6330FFD605}.Release|Any CPU.Build.0 = Release|Any CPU
	EndGlobalSection
	GlobalSection(SolutionProperties) = preSolution
		HideSolutionNode = FALSE
	EndGlobalSection
	GlobalSection(ExtensibilityGlobals) = postSolution
		SolutionGuid = {A15C1912-A20C-41C4-A258-F03ACDAB04A9}
	EndGlobalSection
EndGlobal
